{
  "version": 4,
  "terraform_version": "1.8.3",
  "serial": 1591,
  "lineage": "cfb32bef-6542-a5c3-64c1-2e3076312a70",
  "outputs": {},
  "resources": [
    {
      "mode": "data",
      "type": "aws_eks_cluster",
      "name": "cluster",
      "provider": "provider[\"registry.terraform.io/hashicorp/aws\"]",
      "instances": [
        {
          "schema_version": 0,
          "attributes": {
            "access_config": [
              {
                "authentication_mode": "CONFIG_MAP",
                "bootstrap_cluster_creator_admin_permissions": true
              }
            ],
            "arn": "arn:aws:eks:us-east-1:339712838104:cluster/ekscluster",
            "certificate_authority": [
              {
                "data": "LS0tLS1CRUdJTiBDRVJUSUZJQ0FURS0tLS0tCk1JSURCVENDQWUyZ0F3SUJBZ0lJZnE0cFdJSDdNOU13RFFZSktvWklodmNOQVFFTEJRQXdGVEVUTUJFR0ExVUUKQXhNS2EzVmlaWEp1WlhSbGN6QWVGdzB5TkRFeE1qTXdOekk0TWpkYUZ3MHpOREV4TWpFd056TXpNamRhTUJVeApFekFSQmdOVkJBTVRDbXQxWW1WeWJtVjBaWE13Z2dFaU1BMEdDU3FHU0liM0RRRUJBUVVBQTRJQkR3QXdnZ0VLCkFvSUJBUURVYkdQQURQKzZXVTlvZ3ViRSs4RVNuV2lRUnlIaHFGWHg3YkFtY1RaSjJ4S1JuVllFQzRnZXBHZkEKZUxkTVRPN3IyRThNTHVkQ21vQzlqVHhndjdTTnQyK3c0Q0JYTzFWMVhlY3c2ak5oOXZMNFB3bDlJcC9mdFZLTAo1azliR2RpYmFyc0NYam5Ybkp0S3BzZWxZN2JzdzgrY0VHWU5Qem1IM2o0Z1BBSC81VVpnQXFGTG41YkJqdUlrCkErMTZlK2dkTjBFeER2OWtGdnRROG92YnRXa2NNZWlGYlZqZ3BNYm5QNmd5TzlrMzc4OS9vMWxKMHUxSTQwVmsKakNudlNhYjAvYTNvS3pIWllDZHY0OHhNVUVlNkpSZDZBYklTdkhaalZkU293WUhnZ0lKWWlUTFY1Yzc3bVpOcQp4MGxxcHMzdzUvQlhRM2xETEJSZ2pJTnI5Ry9KQWdNQkFBR2pXVEJYTUE0R0ExVWREd0VCL3dRRUF3SUNwREFQCkJnTlZIUk1CQWY4RUJUQURBUUgvTUIwR0ExVWREZ1FXQkJSWkY3cGhZbWlLNjQ3eTNneFRnb2IwTVoxUFNUQVYKQmdOVkhSRUVEakFNZ2dwcmRXSmxjbTVsZEdWek1BMEdDU3FHU0liM0RRRUJDd1VBQTRJQkFRQXVvOFFLRlhZYgpSUXFndGRSdTRoMHhZdk96Q245VWtzcC9aTWRhbnp4VjhWeVJFSW9JMEJ6MjVDL3BpZlFtZU9mcFh0Zjhjb3ByCnY2dUlsYXpSZEhLamlRUEVqL3doQ1VPQXlXZUxYMTlMQmdUSDJuaFlvOW44dzFSZTEycCtXNDRpc1hUdWV0eksKL0sydytlSW50UkZ4U2lPVXUxWlhSK3dzdDl2a1lYWW5PMjNyK1R4aWRsMnVYb05FWjIwQ2gxd08yeVBsRld1eQpPMDVqS2FvTFBqUFdDL0lSYjhOZmVpdTlLYjIxTzRXaFZkaWpTeDQ3L0RoSmE2cVlSeG9KbUlUK1BOMEdrZlFQCmlVYmd1MTJFUzVwdlFOR0hlenlDZ3dBZEN2dnJlcFZObWFjK2xKeHplcGFkK2M4YzFjdUtnU1lPRzAxanpWdWEKVkszSDRBQXcydHNPCi0tLS0tRU5EIENFUlRJRklDQVRFLS0tLS0K"
              }
            ],
            "cluster_id": null,
            "created_at": "2024-11-23T07:28:26Z",
            "enabled_cluster_log_types": [
              "api",
              "audit",
              "authenticator",
              "controllerManager",
              "scheduler"
            ],
            "endpoint": "https://649E59EF10663E5640E6B10C6085A2E0.gr7.us-east-1.eks.amazonaws.com",
            "id": "ekscluster",
            "identity": [
              {
                "oidc": [
                  {
                    "issuer": "https://oidc.eks.us-east-1.amazonaws.com/id/649E59EF10663E5640E6B10C6085A2E0"
                  }
                ]
              }
            ],
            "kubernetes_network_config": [
              {
                "ip_family": "ipv4",
                "service_ipv4_cidr": "172.20.0.0/16",
                "service_ipv6_cidr": ""
              }
            ],
            "name": "ekscluster",
            "outpost_config": [],
            "platform_version": "eks.12",
            "role_arn": "arn:aws:iam::339712838104:role/eks-master-role",
            "status": "ACTIVE",
            "tags": {},
            "upgrade_policy": [
              {
                "support_type": "EXTENDED"
              }
            ],
            "version": "1.31",
            "vpc_config": [
              {
                "cluster_security_group_id": "sg-0bb8c08f481ef2c67",
                "endpoint_private_access": false,
                "endpoint_public_access": true,
                "public_access_cidrs": [
                  "0.0.0.0/0"
                ],
                "security_group_ids": [],
                "subnet_ids": [
                  "subnet-048969fd7775ea556",
                  "subnet-05dc556ad99896454"
                ],
                "vpc_id": "vpc-04995685231f22c83"
              }
            ],
            "zonal_shift_config": []
          },
          "sensitive_attributes": []
        }
      ]
    },
    {
      "mode": "data",
      "type": "aws_eks_cluster_auth",
      "name": "cluster",
      "provider": "provider[\"registry.terraform.io/hashicorp/aws\"]",
      "instances": [
        {
          "schema_version": 0,
          "attributes": {
            "id": "ekscluster",
            "name": "ekscluster",
            "token": "k8s-aws-v1.aHR0cHM6Ly9zdHMudXMtZWFzdC0xLmFtYXpvbmF3cy5jb20vP0FjdGlvbj1HZXRDYWxsZXJJZGVudGl0eSZWZXJzaW9uPTIwMTEtMDYtMTUmWC1BbXotQWxnb3JpdGhtPUFXUzQtSE1BQy1TSEEyNTYmWC1BbXotQ3JlZGVudGlhbD1BS0lBVTZHRFdSSE1CN0haSkJSQiUyRjIwMjQxMTIzJTJGdXMtZWFzdC0xJTJGc3RzJTJGYXdzNF9yZXF1ZXN0JlgtQW16LURhdGU9MjAyNDExMjNUMTMxODU4WiZYLUFtei1FeHBpcmVzPTAmWC1BbXotU2lnbmVkSGVhZGVycz1ob3N0JTNCeC1rOHMtYXdzLWlkJlgtQW16LVNpZ25hdHVyZT1iNzc1M2YwMDY3NGI2NmNmYWIyMWYyYjljMmIxYzYwMjlkMTZjZGZmZDM4ODU1MmVjMDFhZmQxMGRhODJmNjUy"
          },
          "sensitive_attributes": [
            [
              {
                "type": "get_attr",
                "value": "token"
              }
            ]
          ]
        }
      ]
    },
    {
      "mode": "data",
      "type": "terraform_remote_state",
      "name": "eks",
      "provider": "provider[\"terraform.io/builtin/terraform\"]",
      "instances": [
        {
          "schema_version": 0,
          "attributes": {
            "backend": "local",
            "config": {
              "value": {
                "path": "./terraform.tfstate"
              },
              "type": [
                "object",
                {
                  "path": "string"
                }
              ]
            },
            "defaults": null,
            "outputs": {
              "value": {
                "eks-cluster": {
                  "cluster_arn": "arn:aws:eks:us-east-1:339712838104:cluster/ekscluster",
                  "cluster_certificate_authority_data": "LS0tLS1CRUdJTiBDRVJUSUZJQ0FURS0tLS0tCk1JSURCVENDQWUyZ0F3SUJBZ0lJZnE0cFdJSDdNOU13RFFZSktvWklodmNOQVFFTEJRQXdGVEVUTUJFR0ExVUUKQXhNS2EzVmlaWEp1WlhSbGN6QWVGdzB5TkRFeE1qTXdOekk0TWpkYUZ3MHpOREV4TWpFd056TXpNamRhTUJVeApFekFSQmdOVkJBTVRDbXQxWW1WeWJtVjBaWE13Z2dFaU1BMEdDU3FHU0liM0RRRUJBUVVBQTRJQkR3QXdnZ0VLCkFvSUJBUURVYkdQQURQKzZXVTlvZ3ViRSs4RVNuV2lRUnlIaHFGWHg3YkFtY1RaSjJ4S1JuVllFQzRnZXBHZkEKZUxkTVRPN3IyRThNTHVkQ21vQzlqVHhndjdTTnQyK3c0Q0JYTzFWMVhlY3c2ak5oOXZMNFB3bDlJcC9mdFZLTAo1azliR2RpYmFyc0NYam5Ybkp0S3BzZWxZN2JzdzgrY0VHWU5Qem1IM2o0Z1BBSC81VVpnQXFGTG41YkJqdUlrCkErMTZlK2dkTjBFeER2OWtGdnRROG92YnRXa2NNZWlGYlZqZ3BNYm5QNmd5TzlrMzc4OS9vMWxKMHUxSTQwVmsKakNudlNhYjAvYTNvS3pIWllDZHY0OHhNVUVlNkpSZDZBYklTdkhaalZkU293WUhnZ0lKWWlUTFY1Yzc3bVpOcQp4MGxxcHMzdzUvQlhRM2xETEJSZ2pJTnI5Ry9KQWdNQkFBR2pXVEJYTUE0R0ExVWREd0VCL3dRRUF3SUNwREFQCkJnTlZIUk1CQWY4RUJUQURBUUgvTUIwR0ExVWREZ1FXQkJSWkY3cGhZbWlLNjQ3eTNneFRnb2IwTVoxUFNUQVYKQmdOVkhSRUVEakFNZ2dwcmRXSmxjbTVsZEdWek1BMEdDU3FHU0liM0RRRUJDd1VBQTRJQkFRQXVvOFFLRlhZYgpSUXFndGRSdTRoMHhZdk96Q245VWtzcC9aTWRhbnp4VjhWeVJFSW9JMEJ6MjVDL3BpZlFtZU9mcFh0Zjhjb3ByCnY2dUlsYXpSZEhLamlRUEVqL3doQ1VPQXlXZUxYMTlMQmdUSDJuaFlvOW44dzFSZTEycCtXNDRpc1hUdWV0eksKL0sydytlSW50UkZ4U2lPVXUxWlhSK3dzdDl2a1lYWW5PMjNyK1R4aWRsMnVYb05FWjIwQ2gxd08yeVBsRld1eQpPMDVqS2FvTFBqUFdDL0lSYjhOZmVpdTlLYjIxTzRXaFZkaWpTeDQ3L0RoSmE2cVlSeG9KbUlUK1BOMEdrZlFQCmlVYmd1MTJFUzVwdlFOR0hlenlDZ3dBZEN2dnJlcFZObWFjK2xKeHplcGFkK2M4YzFjdUtnU1lPRzAxanpWdWEKVkszSDRBQXcydHNPCi0tLS0tRU5EIENFUlRJRklDQVRFLS0tLS0K",
                  "cluster_endpoint": "https://649E59EF10663E5640E6B10C6085A2E0.gr7.us-east-1.eks.amazonaws.com",
                  "cluster_iam_role_arn": "arn:aws:iam::339712838104:role/eks-master-role",
                  "cluster_iam_role_name": "eks-master-role",
                  "cluster_id": "ekscluster",
                  "cluster_oidc_issuer_url": "https://oidc.eks.us-east-1.amazonaws.com/id/649E59EF10663E5640E6B10C6085A2E0",
                  "cluster_primary_security_group_id": "sg-0bb8c08f481ef2c67",
                  "cluster_version": "1.31",
                  "identity": [
                    {
                      "oidc": [
                        {
                          "issuer": "https://oidc.eks.us-east-1.amazonaws.com/id/649E59EF10663E5640E6B10C6085A2E0"
                        }
                      ]
                    }
                  ],
                  "node_group_public_arn": "arn:aws:eks:us-east-1:339712838104:nodegroup/ekscluster/eks-ng-public/3ac9abfa-1b54-86c5-fb61-92467486ca4c",
                  "node_group_public_id": "ekscluster:eks-ng-public",
                  "node_group_public_status": "ACTIVE",
                  "node_group_public_version": "1.31"
                },
                "eks-oidc": {
                  "aws_iam_openid_connect_provider_arn": "arn:aws:iam::339712838104:oidc-provider/oidc.eks.us-east-1.amazonaws.com/id/649E59EF10663E5640E6B10C6085A2E0",
                  "aws_iam_openid_connect_provider_extract_from_arn": "oidc.eks.us-east-1.amazonaws.com/id/649E59EF10663E5640E6B10C6085A2E0"
                },
                "vpc": {
                  "azs": [
                    "us-east-1a",
                    "us-east-1b"
                  ],
                  "cidr_blocks": "10.0.0.0/16",
                  "database_subnets": [
                    "subnet-09ec127f68b6d6f77",
                    "subnet-094a1daaf674e437d"
                  ],
                  "private_subnets": [
                    "subnet-0bd92c39c351103e0",
                    "subnet-07baebba8fa24261f"
                  ],
                  "public_subnets": [
                    "subnet-048969fd7775ea556",
                    "subnet-05dc556ad99896454"
                  ],
                  "region": "us-east-1",
                  "vpc_id": "vpc-04995685231f22c83"
                }
              },
              "type": [
                "object",
                {
                  "eks-cluster": [
                    "object",
                    {
                      "cluster_arn": "string",
                      "cluster_certificate_authority_data": "string",
                      "cluster_endpoint": "string",
                      "cluster_iam_role_arn": "string",
                      "cluster_iam_role_name": "string",
                      "cluster_id": "string",
                      "cluster_oidc_issuer_url": "string",
                      "cluster_primary_security_group_id": "string",
                      "cluster_version": "string",
                      "identity": [
                        "list",
                        [
                          "object",
                          {
                            "oidc": [
                              "list",
                              [
                                "object",
                                {
                                  "issuer": "string"
                                }
                              ]
                            ]
                          }
                        ]
                      ],
                      "node_group_public_arn": "string",
                      "node_group_public_id": "string",
                      "node_group_public_status": "string",
                      "node_group_public_version": "string"
                    }
                  ],
                  "eks-oidc": [
                    "object",
                    {
                      "aws_iam_openid_connect_provider_arn": "string",
                      "aws_iam_openid_connect_provider_extract_from_arn": "string"
                    }
                  ],
                  "vpc": [
                    "object",
                    {
                      "azs": [
                        "list",
                        "string"
                      ],
                      "cidr_blocks": "string",
                      "database_subnets": [
                        "tuple",
                        [
                          "string",
                          "string"
                        ]
                      ],
                      "private_subnets": [
                        "tuple",
                        [
                          "string",
                          "string"
                        ]
                      ],
                      "public_subnets": [
                        "tuple",
                        [
                          "string",
                          "string"
                        ]
                      ],
                      "region": "string",
                      "vpc_id": "string"
                    }
                  ]
                }
              ]
            },
            "workspace": null
          },
          "sensitive_attributes": []
        }
      ]
    },
    {
      "module": "module.eks-ingress",
      "mode": "managed",
      "type": "aws_acm_certificate",
      "name": "acm_cert",
      "provider": "provider[\"registry.terraform.io/hashicorp/aws\"]",
      "instances": [
        {
          "schema_version": 0,
          "attributes": {
            "arn": "arn:aws:acm:us-east-1:339712838104:certificate/1225a474-ea26-4638-a57f-f474310b275d",
            "certificate_authority_arn": "",
            "certificate_body": null,
            "certificate_chain": null,
            "domain_name": "*.langocanh.net",
            "domain_validation_options": [
              {
                "domain_name": "*.langocanh.net",
                "resource_record_name": "_e583a6bab22a8d203f143aaaf88f198e.langocanh.net.",
                "resource_record_type": "CNAME",
                "resource_record_value": "_f6b24e57f90807977b3fe21b85005da8.mhbtsbpdnt.acm-validations.aws."
              }
            ],
            "early_renewal_duration": "",
            "id": "arn:aws:acm:us-east-1:339712838104:certificate/1225a474-ea26-4638-a57f-f474310b275d",
            "key_algorithm": "RSA_2048",
            "not_after": "2025-12-22T23:59:59Z",
            "not_before": "2024-11-23T00:00:00Z",
            "options": [
              {
                "certificate_transparency_logging_preference": "ENABLED"
              }
            ],
            "pending_renewal": false,
            "private_key": null,
            "renewal_eligibility": "ELIGIBLE",
            "renewal_summary": [],
            "status": "ISSUED",
            "subject_alternative_names": [
              "*.langocanh.net"
            ],
            "tags": {
              "Environment": "test"
            },
            "tags_all": {
              "Environment": "test"
            },
            "type": "AMAZON_ISSUED",
            "validation_emails": [],
            "validation_method": "DNS",
            "validation_option": []
          },
          "sensitive_attributes": [
            [
              {
                "type": "get_attr",
                "value": "private_key"
              }
            ]
          ],
          "private": "bnVsbA==",
          "create_before_destroy": true
        }
      ]
    },
    {
      "module": "module.eks-monitoring",
      "mode": "managed",
      "type": "kubernetes_namespace",
      "name": "kube-namespace",
      "provider": "provider[\"registry.terraform.io/hashicorp/kubernetes\"]",
      "instances": [
        {
          "schema_version": 0,
          "attributes": {
            "id": "prometheus",
            "metadata": [
              {
                "annotations": {},
                "generate_name": "",
                "generation": 0,
                "labels": {},
                "name": "prometheus",
                "resource_version": "69130",
                "uid": "d05166c7-46e4-4ebb-a489-ecd3b6fdfbf0"
              }
            ],
            "timeouts": null,
            "wait_for_default_service_account": false
          },
          "sensitive_attributes": [],
          "private": "eyJlMmJmYjczMC1lY2FhLTExZTYtOGY4OC0zNDM2M2JjN2M0YzAiOnsiZGVsZXRlIjozMDAwMDAwMDAwMDB9fQ==",
          "dependencies": [
            "data.aws_eks_cluster.cluster",
            "data.aws_eks_cluster_auth.cluster",
            "data.terraform_remote_state.eks"
          ]
        }
      ]
    },
    {
      "module": "module.vpc.module.vpc",
      "mode": "managed",
      "type": "aws_subnet",
      "name": "public",
      "provider": "provider[\"registry.terraform.io/hashicorp/aws\"]",
      "instances": [
        {
          "index_key": 0,
          "schema_version": 1,
          "attributes": {
            "arn": "arn:aws:ec2:us-east-1:339712838104:subnet/subnet-048969fd7775ea556",
            "assign_ipv6_address_on_creation": false,
            "availability_zone": "us-east-1a",
            "availability_zone_id": "use1-az4",
            "cidr_block": "10.0.101.0/24",
            "customer_owned_ipv4_pool": "",
            "enable_dns64": false,
            "enable_lni_at_device_index": 0,
            "enable_resource_name_dns_a_record_on_launch": false,
            "enable_resource_name_dns_aaaa_record_on_launch": false,
            "id": "subnet-048969fd7775ea556",
            "ipv6_cidr_block": "",
            "ipv6_cidr_block_association_id": "",
            "ipv6_native": false,
            "map_customer_owned_ip_on_launch": false,
            "map_public_ip_on_launch": true,
            "outpost_arn": "",
            "owner_id": "339712838104",
            "private_dns_hostname_type_on_launch": "ip-name",
            "tags": {
              "Name": "eks-gitlab-vpc-public-us-east-1a",
              "Type": "Public Subnets",
              "kubernetes.io/cluster/ekscluster": "shared",
              "kubernetes.io/role/elb": "1"
            },
            "tags_all": {
              "Name": "eks-gitlab-vpc-public-us-east-1a",
              "Type": "Public Subnets",
              "kubernetes.io/cluster/ekscluster": "shared",
              "kubernetes.io/role/elb": "1"
            },
            "timeouts": null,
            "vpc_id": "vpc-04995685231f22c83"
          },
          "sensitive_attributes": [],
          "private": "eyJlMmJmYjczMC1lY2FhLTExZTYtOGY4OC0zNDM2M2JjN2M0YzAiOnsiY3JlYXRlIjo2MDAwMDAwMDAwMDAsImRlbGV0ZSI6MTIwMDAwMDAwMDAwMH0sInNjaGVtYV92ZXJzaW9uIjoiMSJ9",
          "dependencies": [
            "module.vpc.module.vpc.aws_vpc.this",
            "module.vpc.module.vpc.aws_vpc_ipv4_cidr_block_association.this"
          ]
        }
      ]
    },
    {
      "module": "module.vpc.module.vpc",
      "mode": "managed",
      "type": "aws_vpc",
      "name": "this",
      "provider": "provider[\"registry.terraform.io/hashicorp/aws\"]",
      "instances": [
        {
          "index_key": 0,
          "schema_version": 1,
          "attributes": {
            "arn": "arn:aws:ec2:us-east-1:339712838104:vpc/vpc-04995685231f22c83",
            "assign_generated_ipv6_cidr_block": false,
            "cidr_block": "10.0.0.0/16",
            "default_network_acl_id": "acl-03279f42ff117d7ac",
            "default_route_table_id": "rtb-0ea76b9b80c7c2b23",
            "default_security_group_id": "sg-07fa0b02c57686dd9",
            "dhcp_options_id": "dopt-08a726ac35ffadb43",
            "enable_dns_hostnames": true,
            "enable_dns_support": true,
            "enable_network_address_usage_metrics": false,
            "id": "vpc-04995685231f22c83",
            "instance_tenancy": "default",
            "ipv4_ipam_pool_id": null,
            "ipv4_netmask_length": null,
            "ipv6_association_id": "",
            "ipv6_cidr_block": "",
            "ipv6_cidr_block_network_border_group": "",
            "ipv6_ipam_pool_id": "",
            "ipv6_netmask_length": 0,
            "main_route_table_id": "rtb-0ea76b9b80c7c2b23",
            "owner_id": "339712838104",
            "tags": {
              "Name": "eks-gitlab-vpc"
            },
            "tags_all": {
              "Name": "eks-gitlab-vpc"
            }
          },
          "sensitive_attributes": [],
          "private": "eyJzY2hlbWFfdmVyc2lvbiI6IjEifQ=="
        }
      ]
    }
  ],
  "check_results": null
}
